
Microsoft Visual Studio Solution File, Format Version 12.00
# Visual Studio Version 16
VisualStudioVersion = 16.0.31729.503
MinimumVisualStudioVersion = 10.0.40219.1
Project("{FAE04EC0-301F-11D3-BF4B-00C04F79EFBC}") = "UC7Emp", "UC7Emp\UC7Emp.csproj", "{396329BF-DDDB-4B80-B61E-68534098E003}"
EndProject
Global
	GlobalSection(SolutionConfigurationPlatforms) = preSolution
		Debug|Any CPU = Debug|Any CPU
		Release|Any CPU = Release|Any CPU
	EndGlobalSection
	GlobalSection(ProjectConfigurationPlatforms) = postSolution
		{396329BF-DDDB-4B80-B61E-68534098E003}.Debug|Any CPU.ActiveCfg = Debug|Any CPU
		{396329BF-DDDB-4B80-B61E-68534098E003}.Debug|Any CPU.Build.0 = Debug|Any CPU
		{396329BF-DDDB-4B80-B61E-68534098E003}.Release|Any CPU.ActiveCfg = Release|Any CPU
		{396329BF-DDDB-4B80-B61E-68534098E003}.Release|Any CPU.Build.0 = Release|Any CPU
	EndGlobalSection
	GlobalSection(SolutionProperties) = preSolution
		HideSolutionNode = FALSE
	EndGlobalSection
	GlobalSection(ExtensibilityGlobals) = postSolution
		SolutionGuid = {2D476892-FF95-4586-B5BE-729766B02D73}
	EndGlobalSection
EndGlobal
